# This file was autogenerated by Stack.
# You should not edit this file by hand.
# For more information, please see the documentation at:
#   https://docs.haskellstack.org/en/stable/lock_files

packages:
- completed:
    hackage: random-1.1@sha256:7b67624fd76ddf97c206de0801dc7e888097e9d572974be9b9ea6551d76965df,1777
    pantry-tree:
      size: 637
      sha256: 14a1b01728c5584e87c9fa00746a66e28ffd89dd2c0eabd334c8463953496e1b
  original:
    hackage: random-1.1@sha256:7b67624fd76ddf97c206de0801dc7e888097e9d572974be9b9ea6551d76965df,1777
- completed:
    hackage: tasty-1.2.3@sha256:bba67074e5326d57e8f53fc1dabcb6841daa4dc51b053506eb7f40a6f49a0497,2517
    pantry-tree:
      size: 1725
      sha256: 2f1bd0e1e1e105bdc8ee9eb53b55a6db54c67d0dce86ba08b61dbaf8988c5d58
  original:
    hackage: tasty-1.2.3@sha256:bba67074e5326d57e8f53fc1dabcb6841daa4dc51b053506eb7f40a6f49a0497,2517
snapshots:
- completed:
    size: 491389
    url: https://raw.githubusercontent.com/commercialhaskell/stackage-snapshots/master/lts/15/7.yaml
    sha256: 92ab6303fe20ec928461c82ce0980b4d17c06f4e66205a2967e476474f686c17
  original: lts-15.7
